
Microsoft Visual Studio Solution File, Format Version 12.00
# Visual Studio Version 16
VisualStudioVersion = 16.0.30804.86
MinimumVisualStudioVersion = 10.0.40219.1
Project("{9A19103F-16F7-4668-BE54-9A1E7A4F7556}") = "QuickHdr", "QuickHdr\QuickHdr.csproj", "{4FEC4478-8D70-452A-B434-451A95B43E82}"
EndProject
Project("{C7167F0D-BC9F-4E6E-AFE1-012C56B48DB5}") = "AppPackage", "AppPackage\AppPackage.wapproj", "{8253CFFD-B7B2-4D15-9011-E22826538531}"
EndProject
Global
	GlobalSection(SolutionConfigurationPlatforms) = preSolution
		Debug|Any CPU = Debug|Any CPU
		Debug|ARM = Debug|ARM
		Debug|ARM64 = Debug|ARM64
		Debug|x64 = Debug|x64
		Debug|x86 = Debug|x86
		Release|Any CPU = Release|Any CPU
		Release|ARM = Release|ARM
		Release|ARM64 = Release|ARM64
		Release|x64 = Release|x64
		Release|x86 = Release|x86
	EndGlobalSection
	GlobalSection(ProjectConfigurationPlatforms) = postSolution
		{4FEC4478-8D70-452A-B434-451A95B43E82}.Debug|Any CPU.ActiveCfg = Debug|Any CPU
		{4FEC4478-8D70-452A-B434-451A95B43E82}.Debug|Any CPU.Build.0 = Debug|Any CPU
		{4FEC4478-8D70-452A-B434-451A95B43E82}.Debug|ARM.ActiveCfg = Debug|Any CPU
		{4FEC4478-8D70-452A-B434-451A95B43E82}.Debug|ARM.Build.0 = Debug|Any CPU
		{4FEC4478-8D70-452A-B434-451A95B43E82}.Debug|ARM64.ActiveCfg = Debug|Any CPU
		{4FEC4478-8D70-452A-B434-451A95B43E82}.Debug|ARM64.Build.0 = Debug|Any CPU
		{4FEC4478-8D70-452A-B434-451A95B43E82}.Debug|x64.ActiveCfg = Debug|x64
		{4FEC4478-8D70-452A-B434-451A95B43E82}.Debug|x64.Build.0 = Debug|x64
		{4FEC4478-8D70-452A-B434-451A95B43E82}.Debug|x86.ActiveCfg = Debug|x86
		{4FEC4478-8D70-452A-B434-451A95B43E82}.Debug|x86.Build.0 = Debug|x86
		{4FEC4478-8D70-452A-B434-451A95B43E82}.Release|Any CPU.ActiveCfg = Release|Any CPU
		{4FEC4478-8D70-452A-B434-451A95B43E82}.Release|Any CPU.Build.0 = Release|Any CPU
		{4FEC4478-8D70-452A-B434-451A95B43E82}.Release|ARM.ActiveCfg = Release|Any CPU
		{4FEC4478-8D70-452A-B434-451A95B43E82}.Release|ARM.Build.0 = Release|Any CPU
		{4FEC4478-8D70-452A-B434-451A95B43E82}.Release|ARM64.ActiveCfg = Release|Any CPU
		{4FEC4478-8D70-452A-B434-451A95B43E82}.Release|ARM64.Build.0 = Release|Any CPU
		{4FEC4478-8D70-452A-B434-451A95B43E82}.Release|x64.ActiveCfg = Release|x64
		{4FEC4478-8D70-452A-B434-451A95B43E82}.Release|x64.Build.0 = Release|x64
		{4FEC4478-8D70-452A-B434-451A95B43E82}.Release|x86.ActiveCfg = Release|x86
		{4FEC4478-8D70-452A-B434-451A95B43E82}.Release|x86.Build.0 = Release|x86
		{8253CFFD-B7B2-4D15-9011-E22826538531}.Debug|Any CPU.ActiveCfg = Debug|Any CPU
		{8253CFFD-B7B2-4D15-9011-E22826538531}.Debug|Any CPU.Build.0 = Debug|Any CPU
		{8253CFFD-B7B2-4D15-9011-E22826538531}.Debug|Any CPU.Deploy.0 = Debug|Any CPU
		{8253CFFD-B7B2-4D15-9011-E22826538531}.Debug|ARM.ActiveCfg = Debug|ARM
		{8253CFFD-B7B2-4D15-9011-E22826538531}.Debug|ARM.Build.0 = Debug|ARM
		{8253CFFD-B7B2-4D15-9011-E22826538531}.Debug|ARM.Deploy.0 = Debug|ARM
		{8253CFFD-B7B2-4D15-9011-E22826538531}.Debug|ARM64.ActiveCfg = Debug|ARM64
		{8253CFFD-B7B2-4D15-9011-E22826538531}.Debug|ARM64.Build.0 = Debug|ARM64
		{8253CFFD-B7B2-4D15-9011-E22826538531}.Debug|ARM64.Deploy.0 = Debug|ARM64
		{8253CFFD-B7B2-4D15-9011-E22826538531}.Debug|x64.ActiveCfg = Debug|x64
		{8253CFFD-B7B2-4D15-9011-E22826538531}.Debug|x64.Build.0 = Debug|x64
		{8253CFFD-B7B2-4D15-9011-E22826538531}.Debug|x64.Deploy.0 = Debug|x64
		{8253CFFD-B7B2-4D15-9011-E22826538531}.Debug|x86.ActiveCfg = Debug|x86
		{8253CFFD-B7B2-4D15-9011-E22826538531}.Debug|x86.Build.0 = Debug|x86
		{8253CFFD-B7B2-4D15-9011-E22826538531}.Debug|x86.Deploy.0 = Debug|x86
		{8253CFFD-B7B2-4D15-9011-E22826538531}.Release|Any CPU.ActiveCfg = Release|Any CPU
		{8253CFFD-B7B2-4D15-9011-E22826538531}.Release|Any CPU.Build.0 = Release|Any CPU
		{8253CFFD-B7B2-4D15-9011-E22826538531}.Release|Any CPU.Deploy.0 = Release|Any CPU
		{8253CFFD-B7B2-4D15-9011-E22826538531}.Release|ARM.ActiveCfg = Release|ARM
		{8253CFFD-B7B2-4D15-9011-E22826538531}.Release|ARM.Build.0 = Release|ARM
		{8253CFFD-B7B2-4D15-9011-E22826538531}.Release|ARM.Deploy.0 = Release|ARM
		{8253CFFD-B7B2-4D15-9011-E22826538531}.Release|ARM64.ActiveCfg = Release|ARM64
		{8253CFFD-B7B2-4D15-9011-E22826538531}.Release|ARM64.Build.0 = Release|ARM64
		{8253CFFD-B7B2-4D15-9011-E22826538531}.Release|ARM64.Deploy.0 = Release|ARM64
		{8253CFFD-B7B2-4D15-9011-E22826538531}.Release|x64.ActiveCfg = Release|x64
		{8253CFFD-B7B2-4D15-9011-E22826538531}.Release|x64.Build.0 = Release|x64
		{8253CFFD-B7B2-4D15-9011-E22826538531}.Release|x64.Deploy.0 = Release|x64
		{8253CFFD-B7B2-4D15-9011-E22826538531}.Release|x86.ActiveCfg = Release|x86
		{8253CFFD-B7B2-4D15-9011-E22826538531}.Release|x86.Build.0 = Release|x86
		{8253CFFD-B7B2-4D15-9011-E22826538531}.Release|x86.Deploy.0 = Release|x86
	EndGlobalSection
	GlobalSection(SolutionProperties) = preSolution
		HideSolutionNode = FALSE
	EndGlobalSection
	GlobalSection(ExtensibilityGlobals) = postSolution
		SolutionGuid = {D6173339-8DED-41BF-9E52-12D326A8ABE4}
	EndGlobalSection
EndGlobal
