
Microsoft Visual Studio Solution File, Format Version 12.00
# Visual Studio Version 16
VisualStudioVersion = 16.0.30804.86
MinimumVisualStudioVersion = 10.0.40219.1
Project("{FAE04EC0-301F-11D3-BF4B-00C04F79EFBC}") = "UIAutomationExperiment", "UIAutomationExperiment.csproj", "{B57D64D8-7AFC-4697-98BA-B1A529223049}"
EndProject
Project("{FAE04EC0-301F-11D3-BF4B-00C04F79EFBC}") = "HotkeyExperiment", "..\HotkeyExperiment\HotkeyExperiment.csproj", "{4FEC4478-8D70-452A-B434-451A95B43E82}"
EndProject
Global
	GlobalSection(SolutionConfigurationPlatforms) = preSolution
		Debug|Any CPU = Debug|Any CPU
		Release|Any CPU = Release|Any CPU
	EndGlobalSection
	GlobalSection(ProjectConfigurationPlatforms) = postSolution
		{B57D64D8-7AFC-4697-98BA-B1A529223049}.Debug|Any CPU.ActiveCfg = Debug|Any CPU
		{B57D64D8-7AFC-4697-98BA-B1A529223049}.Debug|Any CPU.Build.0 = Debug|Any CPU
		{B57D64D8-7AFC-4697-98BA-B1A529223049}.Release|Any CPU.ActiveCfg = Release|Any CPU
		{B57D64D8-7AFC-4697-98BA-B1A529223049}.Release|Any CPU.Build.0 = Release|Any CPU
		{4FEC4478-8D70-452A-B434-451A95B43E82}.Debug|Any CPU.ActiveCfg = Debug|Any CPU
		{4FEC4478-8D70-452A-B434-451A95B43E82}.Debug|Any CPU.Build.0 = Debug|Any CPU
		{4FEC4478-8D70-452A-B434-451A95B43E82}.Release|Any CPU.ActiveCfg = Release|Any CPU
		{4FEC4478-8D70-452A-B434-451A95B43E82}.Release|Any CPU.Build.0 = Release|Any CPU
	EndGlobalSection
	GlobalSection(SolutionProperties) = preSolution
		HideSolutionNode = FALSE
	EndGlobalSection
	GlobalSection(ExtensibilityGlobals) = postSolution
		SolutionGuid = {D6173339-8DED-41BF-9E52-12D326A8ABE4}
	EndGlobalSection
EndGlobal
